
Microsoft Visual Studio Solution File, Format Version 12.00
# Visual Studio Version 17
VisualStudioVersion = 17.3.32929.385
MinimumVisualStudioVersion = 10.0.40219.1
Project("{FAE04EC0-301F-11D3-BF4B-00C04F79EFBC}") = "LoggerEventIdGenerator", "LoggerEventIdGenerator\LoggerEventIdGenerator\LoggerEventIdGenerator.csproj", "{C9E56B0F-F399-4182-8137-DC0B81230BCC}"
EndProject
Project("{FAE04EC0-301F-11D3-BF4B-00C04F79EFBC}") = "LoggerEventIdGenerator.CodeFixes", "LoggerEventIdGenerator\LoggerEventIdGenerator.CodeFixes\LoggerEventIdGenerator.CodeFixes.csproj", "{926D7BDF-3772-427B-BDDB-FB24119F6170}"
EndProject
Project("{FAE04EC0-301F-11D3-BF4B-00C04F79EFBC}") = "LoggerEventIdGenerator.Package", "LoggerEventIdGenerator\LoggerEventIdGenerator.Package\LoggerEventIdGenerator.Package.csproj", "{C49AEECE-E9BD-42DD-A3A5-84DF2F84BCB4}"
EndProject
Project("{FAE04EC0-301F-11D3-BF4B-00C04F79EFBC}") = "LoggerEventIdGenerator.Test", "LoggerEventIdGenerator\LoggerEventIdGenerator.Test\LoggerEventIdGenerator.Test.csproj", "{56C1CEC0-A4D3-41D8-9ACB-622D39C01E2B}"
EndProject
Project("{FAE04EC0-301F-11D3-BF4B-00C04F79EFBC}") = "LoggerEventIdGenerator.Vsix", "LoggerEventIdGenerator\LoggerEventIdGenerator.Vsix\LoggerEventIdGenerator.Vsix.csproj", "{6BCCA6F4-0604-4B93-89E2-FF21D5B647FB}"
EndProject
Global
	GlobalSection(SolutionConfigurationPlatforms) = preSolution
		Debug|Any CPU = Debug|Any CPU
		Release|Any CPU = Release|Any CPU
	EndGlobalSection
	GlobalSection(ProjectConfigurationPlatforms) = postSolution
		{C9E56B0F-F399-4182-8137-DC0B81230BCC}.Debug|Any CPU.ActiveCfg = Debug|Any CPU
		{C9E56B0F-F399-4182-8137-DC0B81230BCC}.Debug|Any CPU.Build.0 = Debug|Any CPU
		{C9E56B0F-F399-4182-8137-DC0B81230BCC}.Release|Any CPU.ActiveCfg = Release|Any CPU
		{C9E56B0F-F399-4182-8137-DC0B81230BCC}.Release|Any CPU.Build.0 = Release|Any CPU
		{926D7BDF-3772-427B-BDDB-FB24119F6170}.Debug|Any CPU.ActiveCfg = Debug|Any CPU
		{926D7BDF-3772-427B-BDDB-FB24119F6170}.Debug|Any CPU.Build.0 = Debug|Any CPU
		{926D7BDF-3772-427B-BDDB-FB24119F6170}.Release|Any CPU.ActiveCfg = Release|Any CPU
		{926D7BDF-3772-427B-BDDB-FB24119F6170}.Release|Any CPU.Build.0 = Release|Any CPU
		{C49AEECE-E9BD-42DD-A3A5-84DF2F84BCB4}.Debug|Any CPU.ActiveCfg = Debug|Any CPU
		{C49AEECE-E9BD-42DD-A3A5-84DF2F84BCB4}.Debug|Any CPU.Build.0 = Debug|Any CPU
		{C49AEECE-E9BD-42DD-A3A5-84DF2F84BCB4}.Release|Any CPU.ActiveCfg = Release|Any CPU
		{C49AEECE-E9BD-42DD-A3A5-84DF2F84BCB4}.Release|Any CPU.Build.0 = Release|Any CPU
		{56C1CEC0-A4D3-41D8-9ACB-622D39C01E2B}.Debug|Any CPU.ActiveCfg = Debug|Any CPU
		{56C1CEC0-A4D3-41D8-9ACB-622D39C01E2B}.Debug|Any CPU.Build.0 = Debug|Any CPU
		{56C1CEC0-A4D3-41D8-9ACB-622D39C01E2B}.Release|Any CPU.ActiveCfg = Release|Any CPU
		{56C1CEC0-A4D3-41D8-9ACB-622D39C01E2B}.Release|Any CPU.Build.0 = Release|Any CPU
		{6BCCA6F4-0604-4B93-89E2-FF21D5B647FB}.Debug|Any CPU.ActiveCfg = Debug|Any CPU
		{6BCCA6F4-0604-4B93-89E2-FF21D5B647FB}.Debug|Any CPU.Build.0 = Debug|Any CPU
		{6BCCA6F4-0604-4B93-89E2-FF21D5B647FB}.Release|Any CPU.ActiveCfg = Release|Any CPU
		{6BCCA6F4-0604-4B93-89E2-FF21D5B647FB}.Release|Any CPU.Build.0 = Release|Any CPU
	EndGlobalSection
	GlobalSection(SolutionProperties) = preSolution
		HideSolutionNode = FALSE
	EndGlobalSection
	GlobalSection(ExtensibilityGlobals) = postSolution
		SolutionGuid = {6A9D57A4-D810-4DA0-9182-290218DB59DD}
	EndGlobalSection
EndGlobal
